<?xml version="1.0" encoding="utf-8"?>
<Project ToolsVersion="4.0" xmlns="http://schemas.microsoft.com/developer/msbuild/2003">
  <ItemGroup>
    <ClInclude Include="include\TDEngine2.h" />
    <ClInclude Include="include\utils\Types.h" />
    <ClInclude Include="include\core\IEngineCore.h" />
    <ClInclude Include="include\utils\Config.h" />
    <ClInclude Include="include\core\IEngineSubsystem.h" />
    <ClInclude Include="include\core\IWindowSystem.h" />
    <ClInclude Include="include\platform\win32\CWin32WindowSystem.h" />
    <ClInclude Include="include\core\IGraphicsContext.h" />
    <ClInclude Include="include\graphics\d3d11\CD3D11GraphicsContext.h" />
    <ClInclude Include="include\graphics\ogl\COGLGraphicsContext.h" />
    <ClInclude Include="include\graphics\ogl\IOGLContextFactory.h" />
    <ClInclude Include="include\graphics\ogl\win32\CWin32GLContextFactory.h" />
    <ClInclude Include="include\utils\Color.h" />
    <ClInclude Include="include\core\CEngineCore.h" />
    <ClInclude Include="include\core\IEngineCoreBuilder.h" />
    <ClInclude Include="include\core\CDefaultEngineCoreBuilder.h" />
    <ClInclude Include="include\core\IEngineListener.h" />
  </ItemGroup>
  <ItemGroup>
    <ClCompile Include="source\platform\win32\CWin32WindowSystem.cpp" />
    <ClCompile Include="source\graphics\d3d11\CD3D11GraphicsContext.cpp" />
    <ClCompile Include="source\graphics\ogl\COGLGraphicsContext.cpp" />
    <ClCompile Include="source\graphics\ogl\win32\CWin32GLContextFactory.cpp" />
    <ClCompile Include="source\core\CEngineCore.cpp" />
    <ClCompile Include="source\core\CDefaultEngineCoreBuilder.cpp" />
  </ItemGroup>
</Project>