
Microsoft Visual Studio Solution File, Format Version 12.00
# Visual Studio 15
VisualStudioVersion = 15.0.27130.2027
MinimumVisualStudioVersion = 10.0.40219.1
Project("{8BC9CEB8-8B4A-11D0-8D11-00A0C91BC942}") = "TDEngine2", "TDEngine2\TDEngine2.vcxproj", "{EBD7C1DE-05E5-4EA0-AC21-1E91F66D993C}"
EndProject
Project("{8BC9CEB8-8B4A-11D0-8D11-00A0C91BC942}") = "SandboxGame", "SandboxGame\SandboxGame.vcxproj", "{84966B24-F09C-4DA8-93AA-15507A7DDA5C}"
EndProject
Global
	GlobalSection(SolutionConfigurationPlatforms) = preSolution
		Debug|x64 = Debug|x64
		Debug|x86 = Debug|x86
		Release|x64 = Release|x64
		Release|x86 = Release|x86
	EndGlobalSection
	GlobalSection(ProjectConfigurationPlatforms) = postSolution
		{EBD7C1DE-05E5-4EA0-AC21-1E91F66D993C}.Debug|x64.ActiveCfg = Debug|x64
		{EBD7C1DE-05E5-4EA0-AC21-1E91F66D993C}.Debug|x64.Build.0 = Debug|x64
		{EBD7C1DE-05E5-4EA0-AC21-1E91F66D993C}.Debug|x86.ActiveCfg = Debug|Win32
		{EBD7C1DE-05E5-4EA0-AC21-1E91F66D993C}.Debug|x86.Build.0 = Debug|Win32
		{EBD7C1DE-05E5-4EA0-AC21-1E91F66D993C}.Release|x64.ActiveCfg = Release|x64
		{EBD7C1DE-05E5-4EA0-AC21-1E91F66D993C}.Release|x64.Build.0 = Release|x64
		{EBD7C1DE-05E5-4EA0-AC21-1E91F66D993C}.Release|x86.ActiveCfg = Release|Win32
		{EBD7C1DE-05E5-4EA0-AC21-1E91F66D993C}.Release|x86.Build.0 = Release|Win32
		{84966B24-F09C-4DA8-93AA-15507A7DDA5C}.Debug|x64.ActiveCfg = Debug|x64
		{84966B24-F09C-4DA8-93AA-15507A7DDA5C}.Debug|x64.Build.0 = Debug|x64
		{84966B24-F09C-4DA8-93AA-15507A7DDA5C}.Debug|x86.ActiveCfg = Debug|Win32
		{84966B24-F09C-4DA8-93AA-15507A7DDA5C}.Debug|x86.Build.0 = Debug|Win32
		{84966B24-F09C-4DA8-93AA-15507A7DDA5C}.Release|x64.ActiveCfg = Release|x64
		{84966B24-F09C-4DA8-93AA-15507A7DDA5C}.Release|x64.Build.0 = Release|x64
		{84966B24-F09C-4DA8-93AA-15507A7DDA5C}.Release|x86.ActiveCfg = Release|Win32
		{84966B24-F09C-4DA8-93AA-15507A7DDA5C}.Release|x86.Build.0 = Release|Win32
	EndGlobalSection
	GlobalSection(SolutionProperties) = preSolution
		HideSolutionNode = FALSE
	EndGlobalSection
	GlobalSection(ExtensibilityGlobals) = postSolution
		SolutionGuid = {124C96B7-4609-4C1D-A5FA-BA6845DA6E0D}
	EndGlobalSection
EndGlobal
